
Microsoft Visual Studio Solution File, Format Version 12.00
# Visual Studio 15
VisualStudioVersion = 15.0.28010.2046
MinimumVisualStudioVersion = 10.0.40219.1
Project("{FAE04EC0-301F-11D3-BF4B-00C04F79EFBC}") = "Win_1337_Patch", "Win_1337_Patch\Win_1337_Patch.csproj", "{97153568-54C0-4295-9ABD-20358B78A5BB}"
EndProject
Global
	GlobalSection(SolutionConfigurationPlatforms) = preSolution
		Debug|Any CPU = Debug|Any CPU
		Release|Any CPU = Release|Any CPU
	EndGlobalSection
	GlobalSection(ProjectConfigurationPlatforms) = postSolution
		{97153568-54C0-4295-9ABD-20358B78A5BB}.Debug|Any CPU.ActiveCfg = Debug|Any CPU
		{97153568-54C0-4295-9ABD-20358B78A5BB}.Debug|Any CPU.Build.0 = Debug|Any CPU
		{97153568-54C0-4295-9ABD-20358B78A5BB}.Release|Any CPU.ActiveCfg = Release|Any CPU
		{97153568-54C0-4295-9ABD-20358B78A5BB}.Release|Any CPU.Build.0 = Release|Any CPU
	EndGlobalSection
	GlobalSection(SolutionProperties) = preSolution
		HideSolutionNode = FALSE
	EndGlobalSection
	GlobalSection(ExtensibilityGlobals) = postSolution
		SolutionGuid = {C5685316-F6A2-4185-B130-85BCDCDB7F93}
	EndGlobalSection
EndGlobal
